PODS:
  - AFNetworking (2.6.3):
    - AFNetworking/NSURLConnection (= 2.6.3)
    - AFNetworking/NSURLSession (= 2.6.3)
    - AFNetworking/Reachability (= 2.6.3)
    - AFNetworking/Security (= 2.6.3)
    - AFNetworking/Serialization (= 2.6.3)
    - AFNetworking/UIKit (= 2.6.3)
  - AFNetworking/NSURLConnection (2.6.3):
    - AFNetworking/Reachability
    - AFNetworking/Security
    - AFNetworking/Serialization
  - AFNetworking/NSURLSession (2.6.3):
    - AFNetworking/Reachability
    - AFNetworking/Security
    - AFNetworking/Serialization
  - AFNetworking/Reachability (2.6.3)
  - AFNetworking/Security (2.6.3)
  - AFNetworking/Serialization (2.6.3)
  - AFNetworking/UIKit (2.6.3):
    - AFNetworking/NSURLConnection
    - AFNetworking/NSURLSession
  - CloudMine (1.7.13):
    - AFNetworking (~> 2.6.3)
    - CloudMine/no-arc (= 1.7.13)
  - CloudMine/no-arc (1.7.13):
    - AFNetworking (~> 2.6.3)

DEPENDENCIES:
  - CloudMine (~> 1.7)

SPEC CHECKSUMS:
  AFNetworking: cb8d14a848e831097108418f5d49217339d4eb60
  CloudMine: dbf812decc389adf85c188cf80be2d7e1c4ec71c

PODFILE CHECKSUM: 55f5cf6d6659048a88d3b3860c6f83b152db7804

COCOAPODS: 1.0.1
